
Microsoft Visual Studio Solution File, Format Version 12.00
# Visual Studio 15
VisualStudioVersion = 15.0.27703.2042
MinimumVisualStudioVersion = 10.0.40219.1
Project("{FAE04EC0-301F-11D3-BF4B-00C04F79EFBC}") = "MainIntgAPIs", "MainIntgAPIs\MainIntgAPIs.csproj", "{90772BA2-EA27-4A1A-9EC0-E3032E32DD87}"
EndProject
Project("{2150E333-8FDC-42A3-9474-1A3956D46DE8}") = "DAL", "DAL", "{AB81523E-202B-44E8-990E-B2BEF0F25372}"
EndProject
Project("{9A19103F-16F7-4668-BE54-9A1E7A4F7556}") = "OraDAL", "OraDAL\OraDAL.csproj", "{CEA134AE-26D8-446B-B86D-B3E80DAC4D11}"
EndProject
Project("{2150E333-8FDC-42A3-9474-1A3956D46DE8}") = "TestLayer", "TestLayer", "{D5410161-A19F-4652-9A9A-E002B8F9E253}"
EndProject
Project("{FAE04EC0-301F-11D3-BF4B-00C04F79EFBC}") = "TestAPIs", "TestAPIs\TestAPIs.csproj", "{600FBB1D-662A-42C4-9DF4-DDA846BDA7BD}"
EndProject
Global
	GlobalSection(SolutionConfigurationPlatforms) = preSolution
		Debug|Any CPU = Debug|Any CPU
		Release|Any CPU = Release|Any CPU
	EndGlobalSection
	GlobalSection(ProjectConfigurationPlatforms) = postSolution
		{90772BA2-EA27-4A1A-9EC0-E3032E32DD87}.Debug|Any CPU.ActiveCfg = Debug|Any CPU
		{90772BA2-EA27-4A1A-9EC0-E3032E32DD87}.Debug|Any CPU.Build.0 = Debug|Any CPU
		{90772BA2-EA27-4A1A-9EC0-E3032E32DD87}.Release|Any CPU.ActiveCfg = Release|Any CPU
		{90772BA2-EA27-4A1A-9EC0-E3032E32DD87}.Release|Any CPU.Build.0 = Release|Any CPU
		{CEA134AE-26D8-446B-B86D-B3E80DAC4D11}.Debug|Any CPU.ActiveCfg = Debug|Any CPU
		{CEA134AE-26D8-446B-B86D-B3E80DAC4D11}.Debug|Any CPU.Build.0 = Debug|Any CPU
		{CEA134AE-26D8-446B-B86D-B3E80DAC4D11}.Release|Any CPU.ActiveCfg = Release|Any CPU
		{CEA134AE-26D8-446B-B86D-B3E80DAC4D11}.Release|Any CPU.Build.0 = Release|Any CPU
		{600FBB1D-662A-42C4-9DF4-DDA846BDA7BD}.Debug|Any CPU.ActiveCfg = Debug|Any CPU
		{600FBB1D-662A-42C4-9DF4-DDA846BDA7BD}.Debug|Any CPU.Build.0 = Debug|Any CPU
		{600FBB1D-662A-42C4-9DF4-DDA846BDA7BD}.Release|Any CPU.ActiveCfg = Release|Any CPU
		{600FBB1D-662A-42C4-9DF4-DDA846BDA7BD}.Release|Any CPU.Build.0 = Release|Any CPU
	EndGlobalSection
	GlobalSection(SolutionProperties) = preSolution
		HideSolutionNode = FALSE
	EndGlobalSection
	GlobalSection(NestedProjects) = preSolution
		{CEA134AE-26D8-446B-B86D-B3E80DAC4D11} = {AB81523E-202B-44E8-990E-B2BEF0F25372}
		{600FBB1D-662A-42C4-9DF4-DDA846BDA7BD} = {D5410161-A19F-4652-9A9A-E002B8F9E253}
	EndGlobalSection
	GlobalSection(ExtensibilityGlobals) = postSolution
		SolutionGuid = {935B1E8E-C853-4F4E-AD9E-FA5BF80C57F7}
	EndGlobalSection
EndGlobal
